// !$*UTF8*$!
{
	archiveVersion = 1;
	classes = {
	};
	objectVersion = 46;
	objects = {

/* Begin PBXBuildFile section */
		D76F01F91EAE87BF00EE1208 /* AppDelegate.swift in Sources */ = {isa = PBXBuildFile; fileRef = D76F01F81EAE87BF00EE1208 /* AppDelegate.swift */; };
		D76F01FB1EAE87BF00EE1208 /* ViewController.swift in Sources */ = {isa = PBXBuildFile; fileRef = D76F01FA1EAE87BF00EE1208 /* ViewController.swift */; };
		D76F01FE1EAE87BF00EE1208 /* Main.storyboard in Resources */ = {isa = PBXBuildFile; fileRef = D76F01FC1EAE87BF00EE1208 /* Main.storyboard */; };
		D76F02001EAE87BF00EE1208 /* Assets.xcassets in Resources */ = {isa = PBXBuildFile; fileRef = D76F01FF1EAE87BF00EE1208 /* Assets.xcassets */; };
		D76F02031EAE87BF00EE1208 /* LaunchScreen.storyboard in Resources */ = {isa = PBXBuildFile; fileRef = D76F02011EAE87BF00EE1208 /* LaunchScreen.storyboard */; };
/* End PBXBuildFile section */

/* Begin PBXFileReference section */
		D76F01F51EAE87BF00EE1208 /* UIKitDynamics.app */ = {isa = PBXFileReference; explicitFileType = wrapper.application; includeInIndex = 0; path = UIKitDynamics.app; sourceTree = BUILT_PRODUCTS_DIR; };
		D76F01F81EAE87BF00EE1208 /* AppDelegate.swift */ = {isa = PBXFileReference; lastKnownFileType = sourcecode.swift; path = AppDelegate.swift; sourceTree = "<group>"; };
		D76F01FA1EAE87BF00EE1208 /* ViewController.swift */ = {isa = PBXFileReference; lastKnownFileType = sourcecode.swift; path = ViewController.swift; sourceTree = "<group>"; };
		D76F01FD1EAE87BF00EE1208 /* Base */ = {isa = PBXFileReference; lastKnownFileType = file.storyboard; name = Base; path = Base.lproj/Main.storyboard; sourceTree = "<group>"; };
		D76F01FF1EAE87BF00EE1208 /* Assets.xcassets */ = {isa = PBXFileReference; lastKnownFileType = folder.assetcatalog; path = Assets.xcassets; sourceTree = "<group>"; };
		D76F02021EAE87BF00EE1208 /* Base */ = {isa = PBXFileReference; lastKnownFileType = file.storyboard; name = Base; path = Base.lproj/LaunchScreen.storyboard; sourceTree = "<group>"; };
		D76F02041EAE87BF00EE1208 /* Info.plist */ = {isa = PBXFileReference; lastKnownFileType = text.plist.xml; path = Info.plist; sourceTree = "<group>"; };
/* End PBXFileReference section */

/* Begin PBXFrameworksBuildPhase section */
		D76F01F21EAE87BF00EE1208 /* Frameworks */ = {
			isa = PBXFrameworksBuildPhase;
			buildActionMask = 2147483647;
			files = (
			);
			runOnlyForDeploymentPostprocessing = 0;
		};
/* End PBXFrameworksBuildPhase section */

/* Begin PBXGroup section */
		D76F01EC1EAE87BF00EE1208 = {
			isa = PBXGroup;
			children = (
				D76F01F71EAE87BF00EE1208 /* UIKitDynamics */,
				D76F01F61EAE87BF00EE1208 /* Products */,
			);
			sourceTree = "<group>";
		};
		D76F01F61EAE87BF00EE1208 /* Products */ = {
			isa = PBXGroup;
			children = (
				D76F01F51EAE87BF00EE1208 /* UIKitDynamics.app */,
			);
			name = Products;
			sourceTree = "<group>";
		};
		D76F01F71EAE87BF00EE1208 /* UIKitDynamics */ = {
			isa = PBXGroup;
			children = (
				D76F01F81EAE87BF00EE1208 /* AppDelegate.swift */,
				D76F01FA1EAE87BF00EE1208 /* ViewController.swift */,
				D76F01FC1EAE87BF00EE1208 /* Main.storyboard */,
				D76F01FF1EAE87BF00EE1208 /* Assets.xcassets */,
				D76F02011EAE87BF00EE1208 /* LaunchScreen.storyboard */,
				D76F02041EAE87BF00EE1208 /* Info.plist */,
			);
			path = UIKitDynamics;
			sourceTree = "<group>";
		};
/* End PBXGroup section */

/* Begin PBXNativeTarget section */
		D76F01F41EAE87BF00EE1208 /* UIKitDynamics */ = {
			isa = PBXNativeTarget;
			buildConfigurationList = D76F02071EAE87BF00EE1208 /* Build configuration list for PBXNativeTarget "UIKitDynamics" */;
			buildPhases = (
				D76F01F11EAE87BF00EE1208 /* Sources */,
				D76F01F21EAE87BF00EE1208 /* Frameworks */,
				D76F01F31EAE87BF00EE1208 /* Resources */,
			);
			buildRules = (
			);
			dependencies = (
			);
			name = UIKitDynamics;
			productName = UIKitDynamics;
			productReference = D76F01F51EAE87BF00EE1208 /* UIKitDynamics.app */;
			productType = "com.apple.product-type.application";
		};
/* End PBXNativeTarget section */

/* Begin PBXProject section */
		D76F01ED1EAE87BF00EE1208 /* Project object */ = {
			isa = PBXProject;
			attributes = {
				LastSwiftUpdateCheck = 0830;
				LastUpgradeCheck = 0830;
				ORGANIZATIONNAME = "John Hersey High School";
				TargetAttributes = {
					D76F01F41EAE87BF00EE1208 = {
						CreatedOnToolsVersion = 8.3.2;
						ProvisioningStyle = Automatic;
					};
				};
			};
			buildConfigurationList = D76F01F01EAE87BF00EE1208 /* Build configuration list for PBXProject "UIKitDynamics" */;
			compatibilityVersion = "Xcode 3.2";
			developmentRegion = English;
			hasScannedForEncodings = 0;
			knownRegions = (
				en,
				Base,
			);
			mainGroup = D76F01EC1EAE87BF00EE1208;
			productRefGroup = D76F01F61EAE87BF00EE1208 /* Products */;
			projectDirPath = "";
			projectRoot = "";
			targets = (
				D76F01F41EAE87BF00EE1208 /* UIKitDynamics */,
			);
		};
/* End PBXProject section */

/* Begin PBXResourcesBuildPhase section */
		D76F01F31EAE87BF00EE1208 /* Resources */ = {
			isa = PBXResourcesBuildPhase;
			buildActionMask = 2147483647;
			files = (
				D76F02031EAE87BF00EE1208 /* LaunchScreen.storyboard in Resources */,
				D76F02001EAE87BF00EE1208 /* Assets.xcassets in Resources */,
				D76F01FE1EAE87BF00EE1208 /* Main.storyboard in Resources */,
			);
			runOnlyForDeploymentPostprocessing = 0;
		};
/* End PBXResourcesBuildPhase section */

/* Begin PBXSourcesBuildPhase section */
		D76F01F11EAE87BF00EE1208 /* Sources */ = {
			isa = PBXSourcesBuildPhase;
			buildActionMask = 2147483647;
			files = (
				D76F01FB1EAE87BF00EE1208 /* ViewController.swift in Sources */,
				D76F01F91EAE87BF00EE1208 /* AppDelegate.swift in Sources */,
			);
			runOnlyForDeploymentPostprocessing = 0;
		};
/* End PBXSourcesBuildPhase section */

/* Begin PBXVariantGroup section */
		D76F01FC1EAE87BF00EE1208 /* Main.storyboard */ = {
			isa = PBXVariantGroup;
			children = (
				D76F01FD1EAE87BF00EE1208 /* Base */,
			);
			name = Main.storyboard;
			sourceTree = "<group>";
		};
		D76F02011EAE87BF00EE1208 /* LaunchScreen.storyboard */ = {
			isa = PBXVariantGroup;
			children = (
				D76F02021EAE87BF00EE1208 /* Base */,
			);
			name = LaunchScreen.storyboard;
			sourceTree = "<group>";
		};
/* End PBXVariantGroup section */

/* Begin XCBuildConfiguration section */
		D76F02051EAE87BF00EE1208 /* Debug */ = {
			isa = XCBuildConfiguration;
			buildSettings = {
				ALWAYS_SEARCH_USER_PATHS = NO;
				CLANG_ANALYZER_NONNULL = YES;
				CLANG_ANALYZER_NUMBER_OBJECT_CONVERSION = YES_AGGRESSIVE;
				CLANG_CXX_LANGUAGE_STANDARD = "gnu++0x";
				CLANG_CXX_LIBRARY = "libc++";
				CLANG_ENABLE_MODULES = YES;
				CLANG_ENABLE_OBJC_ARC = YES;
				CLANG_WARN_BOOL_CONVERSION = YES;
				CLANG_WARN_CONSTANT_CONVERSION = YES;
				CLANG_WARN_DIRECT_OBJC_ISA_USAGE = YES_ERROR;
				CLANG_WARN_DOCUMENTATION_COMMENTS = YES;
				CLANG_WARN_EMPTY_BODY = YES;
				CLANG_WARN_ENUM_CONVERSION = YES;
				CLANG_WARN_INFINITE_RECURSION = YES;
				CLANG_WARN_INT_CONVERSION = YES;
				CLANG_WARN_OBJC_ROOT_CLASS = YES_ERROR;
				CLANG_WARN_SUSPICIOUS_MOVE = YES;
				CLANG_WARN_UNREACHABLE_CODE = YES;
				CLANG_WARN__DUPLICATE_METHOD_MATCH = YES;
				"CODE_SIGN_IDENTITY[sdk=iphoneos*]" = "iPhone Developer";
				COPY_PHASE_STRIP = NO;
				DEBUG_INFORMATION_FORMAT = dwarf;
				ENABLE_STRICT_OBJC_MSGSEND = YES;
				ENABLE_TESTABILITY = YES;
				GCC_C_LANGUAGE_STANDARD = gnu99;
				GCC_DYNAMIC_NO_PIC = NO;
				GCC_NO_COMMON_BLOCKS = YES;
				GCC_OPTIMIZATION_LEVEL = 0;
				GCC_PREPROCESSOR_DEFINITIONS = (
					"DEBUG=1",
					"$(inherited)",
				);
				GCC_WARN_64_TO_32_BIT_CONVERSION = YES;
				GCC_WARN_ABOUT_RETURN_TYPE = YES_ERROR;
				GCC_WARN_UNDECLARED_SELECTOR = YES;
				GCC_WARN_UNINITIALIZED_AUTOS = YES_AGGRESSIVE;
				GCC_WARN_UNUSED_FUNCTION = YES;
				GCC_WARN_UNUSED_VARIABLE = YES;
				IPHONEOS_DEPLOYMENT_TARGET = 10.3;
				MTL_ENABLE_DEBUG_INFO = YES;
				ONLY_ACTIVE_ARCH = YES;
				SDKROOT = iphoneos;
				SWIFT_ACTIVE_COMPILATION_CONDITIONS = DEBUG;
				SWIFT_OPTIMIZATION_LEVEL = "-Onone";
				TARGETED_DEVICE_FAMILY = "1,2";
			};
			name = Debug;
		};
		D76F02061EAE87BF00EE1208 /* Release */ = {
			isa = XCBuildConfiguration;
			buildSettings = {
				ALWAYS_SEARCH_USER_PATHS = NO;
				CLANG_ANALYZER_NONNULL = YES;
				CLANG_ANALYZER_NUMBER_OBJECT_CONVERSION = YES_AGGRESSIVE;
				CLANG_CXX_LANGUAGE_STANDARD = "gnu++0x";
				CLANG_CXX_LIBRARY = "libc++";
				CLANG_ENABLE_MODULES = YES;
				CLANG_ENABLE_OBJC_ARC = YES;
				CLANG_WARN_BOOL_CONVERSION = YES;
				CLANG_WARN_CONSTANT_CONVERSION = YES;
				CLANG_WARN_DIRECT_OBJC_ISA_USAGE = YES_ERROR;
				CLANG_WARN_DOCUMENTATION_COMMENTS = YES;
				CLANG_WARN_EMPTY_BODY = YES;
				CLANG_WARN_ENUM_CONVERSION = YES;
				CLANG_WARN_INFINITE_RECURSION = YES;
				CLANG_WARN_INT_CONVERSION = YES;
				CLANG_WARN_OBJC_ROOT_CLASS = YES_ERROR;
				CLANG_WARN_SUSPICIOUS_MOVE = YES;
				CLANG_WARN_UNREACHABLE_CODE = YES;
				CLANG_WARN__DUPLICATE_METHOD_MATCH = YES;
				"CODE_SIGN_IDENTITY[sdk=iphoneos*]" = "iPhone Developer";
				COPY_PHASE_STRIP = NO;
				DEBUG_INFORMATION_FORMAT = "dwarf-with-dsym";
				ENABLE_NS_ASSERTIONS = NO;
				ENABLE_STRICT_OBJC_MSGSEND = YES;
				GCC_C_LANGUAGE_STANDARD = gnu99;
				GCC_NO_COMMON_BLOCKS = YES;
				GCC_WARN_64_TO_32_BIT_CONVERSION = YES;
				GCC_WARN_ABOUT_RETURN_TYPE = YES_ERROR;
				GCC_WARN_UNDECLARED_SELECTOR = YES;
				GCC_WARN_UNINITIALIZED_AUTOS = YES_AGGRESSIVE;
				GCC_WARN_UNUSED_FUNCTION = YES;
				GCC_WARN_UNUSED_VARIABLE = YES;
				IPHONEOS_DEPLOYMENT_TARGET = 10.3;
				MTL_ENABLE_DEBUG_INFO = NO;
				SDKROOT = iphoneos;
				SWIFT_OPTIMIZATION_LEVEL = "-Owholemodule";
				TARGETED_DEVICE_FAMILY = "1,2";
				VALIDATE_PRODUCT = YES;
			};
			name = Release;
		};
		D76F02081EAE87BF00EE1208 /* Debug */ = {
			isa = XCBuildConfiguration;
			buildSettings = {
				ASSETCATALOG_COMPILER_APPICON_NAME = AppIcon;
				INFOPLIST_FILE = UIKitDynamics/Info.plist;
				LD_RUNPATH_SEARCH_PATHS = "$(inherited) @executable_path/Frameworks";
				PRODUCT_BUNDLE_IDENTIFIER = org.jhhs.UIKitDynamics;
				PRODUCT_NAME = "$(TARGET_NAME)";
				SWIFT_VERSION = 3.0;
			};
			name = Debug;
		};
		D76F02091EAE87BF00EE1208 /* Release */ = {
			isa = XCBuildConfiguration;
			buildSettings = {
				ASSETCATALOG_COMPILER_APPICON_NAME = AppIcon;
				INFOPLIST_FILE = UIKitDynamics/Info.plist;
				LD_RUNPATH_SEARCH_PATHS = "$(inherited) @executable_path/Frameworks";
				PRODUCT_BUNDLE_IDENTIFIER = org.jhhs.UIKitDynamics;
				PRODUCT_NAME = "$(TARGET_NAME)";
				SWIFT_VERSION = 3.0;
			};
			name = Release;
		};
/* End XCBuildConfiguration section */

/* Begin XCConfigurationList section */
		D76F01F01EAE87BF00EE1208 /* Build configuration list for PBXProject "UIKitDynamics" */ = {
			isa = XCConfigurationList;
			buildConfigurations = (
				D76F02051EAE87BF00EE1208 /* Debug */,
				D76F02061EAE87BF00EE1208 /* Release */,
			);
			defaultConfigurationIsVisible = 0;
			defaultConfigurationName = Release;
		};
		D76F02071EAE87BF00EE1208 /* Build configuration list for PBXNativeTarget "UIKitDynamics" */ = {
			isa = XCConfigurationList;
			buildConfigurations = (
				D76F02081EAE87BF00EE1208 /* Debug */,
				D76F02091EAE87BF00EE1208 /* Release */,
			);
			defaultConfigurationIsVisible = 0;
		};
/* End XCConfigurationList section */
	};
	rootObject = D76F01ED1EAE87BF00EE1208 /* Project object */;
}
